// !$*UTF8*$!
{
	archiveVersion = 1;
	classes = {
	};
	objectVersion = 50;
	objects = {

/* Begin PBXBuildFile section */
		BEDCDB3D26BEC93C00D7240F /* AppDelegate.swift in Sources */ = {isa = PBXBuildFile; fileRef = BEDCDB3C26BEC93C00D7240F /* AppDelegate.swift */; };
		BEDCDB3F26BEC93C00D7240F /* ViewController.swift in Sources */ = {isa = PBXBuildFile; fileRef = BEDCDB3E26BEC93C00D7240F /* ViewController.swift */; };
		BEDCDB4126BEC94100D7240F /* Assets.xcassets in Resources */ = {isa = PBXBuildFile; fileRef = BEDCDB4026BEC94100D7240F /* Assets.xcassets */; };
		BEDCDB4426BEC94100D7240F /* Main.storyboard in Resources */ = {isa = PBXBuildFile; fileRef = BEDCDB4226BEC94100D7240F /* Main.storyboard */; };
		BEDCDB5026BEC94100D7240F /* Iptv_AyhamTests.swift in Sources */ = {isa = PBXBuildFile; fileRef = BEDCDB4F26BEC94100D7240F /* Iptv_AyhamTests.swift */; };
		BEDCDB5B26BEC94100D7240F /* Iptv_AyhamUITests.swift in Sources */ = {isa = PBXBuildFile; fileRef = BEDCDB5A26BEC94100D7240F /* Iptv_AyhamUITests.swift */; };
		BEDCDB6926BEC9C000D7240F /* Hachem.m3u in Resources */ = {isa = PBXBuildFile; fileRef = BEDCDB6826BEC9C000D7240F /* Hachem.m3u */; };
/* End PBXBuildFile section */

/* Begin PBXContainerItemProxy section */
		BEDCDB4C26BEC94100D7240F /* PBXContainerItemProxy */ = {
			isa = PBXContainerItemProxy;
			containerPortal = BEDCDB3126BEC93C00D7240F /* Project object */;
			proxyType = 1;
			remoteGlobalIDString = BEDCDB3826BEC93C00D7240F;
			remoteInfo = "Iptv-Ayham";
		};
		BEDCDB5726BEC94100D7240F /* PBXContainerItemProxy */ = {
			isa = PBXContainerItemProxy;
			containerPortal = BEDCDB3126BEC93C00D7240F /* Project object */;
			proxyType = 1;
			remoteGlobalIDString = BEDCDB3826BEC93C00D7240F;
			remoteInfo = "Iptv-Ayham";
		};
/* End PBXContainerItemProxy section */

/* Begin PBXFileReference section */
		BEDCDB3926BEC93C00D7240F /* Iptv-Ayham.app */ = {isa = PBXFileReference; explicitFileType = wrapper.application; includeInIndex = 0; path = "Iptv-Ayham.app"; sourceTree = BUILT_PRODUCTS_DIR; };
		BEDCDB3C26BEC93C00D7240F /* AppDelegate.swift */ = {isa = PBXFileReference; lastKnownFileType = sourcecode.swift; path = AppDelegate.swift; sourceTree = "<group>"; };
		BEDCDB3E26BEC93C00D7240F /* ViewController.swift */ = {isa = PBXFileReference; lastKnownFileType = sourcecode.swift; path = ViewController.swift; sourceTree = "<group>"; };
		BEDCDB4026BEC94100D7240F /* Assets.xcassets */ = {isa = PBXFileReference; lastKnownFileType = folder.assetcatalog; path = Assets.xcassets; sourceTree = "<group>"; };
		BEDCDB4326BEC94100D7240F /* Base */ = {isa = PBXFileReference; lastKnownFileType = file.storyboard; name = Base; path = Base.lproj/Main.storyboard; sourceTree = "<group>"; };
		BEDCDB4526BEC94100D7240F /* Info.plist */ = {isa = PBXFileReference; lastKnownFileType = text.plist.xml; path = Info.plist; sourceTree = "<group>"; };
		BEDCDB4626BEC94100D7240F /* Iptv_Ayham.entitlements */ = {isa = PBXFileReference; lastKnownFileType = text.plist.entitlements; path = Iptv_Ayham.entitlements; sourceTree = "<group>"; };
		BEDCDB4B26BEC94100D7240F /* Iptv-AyhamTests.xctest */ = {isa = PBXFileReference; explicitFileType = wrapper.cfbundle; includeInIndex = 0; path = "Iptv-AyhamTests.xctest"; sourceTree = BUILT_PRODUCTS_DIR; };
		BEDCDB4F26BEC94100D7240F /* Iptv_AyhamTests.swift */ = {isa = PBXFileReference; lastKnownFileType = sourcecode.swift; path = Iptv_AyhamTests.swift; sourceTree = "<group>"; };
		BEDCDB5126BEC94100D7240F /* Info.plist */ = {isa = PBXFileReference; lastKnownFileType = text.plist.xml; path = Info.plist; sourceTree = "<group>"; };
		BEDCDB5626BEC94100D7240F /* Iptv-AyhamUITests.xctest */ = {isa = PBXFileReference; explicitFileType = wrapper.cfbundle; includeInIndex = 0; path = "Iptv-AyhamUITests.xctest"; sourceTree = BUILT_PRODUCTS_DIR; };
		BEDCDB5A26BEC94100D7240F /* Iptv_AyhamUITests.swift */ = {isa = PBXFileReference; lastKnownFileType = sourcecode.swift; path = Iptv_AyhamUITests.swift; sourceTree = "<group>"; };
		BEDCDB5C26BEC94100D7240F /* Info.plist */ = {isa = PBXFileReference; lastKnownFileType = text.plist.xml; path = Info.plist; sourceTree = "<group>"; };
		BEDCDB6826BEC9C000D7240F /* Hachem.m3u */ = {isa = PBXFileReference; fileEncoding = 4; lastKnownFileType = text; name = Hachem.m3u; path = ../../../Hachem.m3u; sourceTree = "<group>"; };
/* End PBXFileReference section */

/* Begin PBXFrameworksBuildPhase section */
		BEDCDB3626BEC93C00D7240F /* Frameworks */ = {
			isa = PBXFrameworksBuildPhase;
			buildActionMask = 2147483647;
			files = (
			);
			runOnlyForDeploymentPostprocessing = 0;
		};
		BEDCDB4826BEC94100D7240F /* Frameworks */ = {
			isa = PBXFrameworksBuildPhase;
			buildActionMask = 2147483647;
			files = (
			);
			runOnlyForDeploymentPostprocessing = 0;
		};
		BEDCDB5326BEC94100D7240F /* Frameworks */ = {
			isa = PBXFrameworksBuildPhase;
			buildActionMask = 2147483647;
			files = (
			);
			runOnlyForDeploymentPostprocessing = 0;
		};
/* End PBXFrameworksBuildPhase section */

/* Begin PBXGroup section */
		BEDCDB3026BEC93C00D7240F = {
			isa = PBXGroup;
			children = (
				BEDCDB3B26BEC93C00D7240F /* Iptv-Ayham */,
				BEDCDB4E26BEC94100D7240F /* Iptv-AyhamTests */,
				BEDCDB5926BEC94100D7240F /* Iptv-AyhamUITests */,
				BEDCDB3A26BEC93C00D7240F /* Products */,
			);
			sourceTree = "<group>";
		};
		BEDCDB3A26BEC93C00D7240F /* Products */ = {
			isa = PBXGroup;
			children = (
				BEDCDB3926BEC93C00D7240F /* Iptv-Ayham.app */,
				BEDCDB4B26BEC94100D7240F /* Iptv-AyhamTests.xctest */,
				BEDCDB5626BEC94100D7240F /* Iptv-AyhamUITests.xctest */,
			);
			name = Products;
			sourceTree = "<group>";
		};
		BEDCDB3B26BEC93C00D7240F /* Iptv-Ayham */ = {
			isa = PBXGroup;
			children = (
				BEDCDB3C26BEC93C00D7240F /* AppDelegate.swift */,
				BEDCDB3E26BEC93C00D7240F /* ViewController.swift */,
				BEDCDB6826BEC9C000D7240F /* Hachem.m3u */,
				BEDCDB4026BEC94100D7240F /* Assets.xcassets */,
				BEDCDB4226BEC94100D7240F /* Main.storyboard */,
				BEDCDB4526BEC94100D7240F /* Info.plist */,
				BEDCDB4626BEC94100D7240F /* Iptv_Ayham.entitlements */,
			);
			path = "Iptv-Ayham";
			sourceTree = "<group>";
		};
		BEDCDB4E26BEC94100D7240F /* Iptv-AyhamTests */ = {
			isa = PBXGroup;
			children = (
				BEDCDB4F26BEC94100D7240F /* Iptv_AyhamTests.swift */,
				BEDCDB5126BEC94100D7240F /* Info.plist */,
			);
			path = "Iptv-AyhamTests";
			sourceTree = "<group>";
		};
		BEDCDB5926BEC94100D7240F /* Iptv-AyhamUITests */ = {
			isa = PBXGroup;
			children = (
				BEDCDB5A26BEC94100D7240F /* Iptv_AyhamUITests.swift */,
				BEDCDB5C26BEC94100D7240F /* Info.plist */,
			);
			path = "Iptv-AyhamUITests";
			sourceTree = "<group>";
		};
/* End PBXGroup section */

/* Begin PBXNativeTarget section */
		BEDCDB3826BEC93C00D7240F /* Iptv-Ayham */ = {
			isa = PBXNativeTarget;
			buildConfigurationList = BEDCDB5F26BEC94100D7240F /* Build configuration list for PBXNativeTarget "Iptv-Ayham" */;
			buildPhases = (
				BEDCDB3526BEC93C00D7240F /* Sources */,
				BEDCDB3626BEC93C00D7240F /* Frameworks */,
				BEDCDB3726BEC93C00D7240F /* Resources */,
			);
			buildRules = (
			);
			dependencies = (
			);
			name = "Iptv-Ayham";
			productName = "Iptv-Ayham";
			productReference = BEDCDB3926BEC93C00D7240F /* Iptv-Ayham.app */;
			productType = "com.apple.product-type.application";
		};
		BEDCDB4A26BEC94100D7240F /* Iptv-AyhamTests */ = {
			isa = PBXNativeTarget;
			buildConfigurationList = BEDCDB6226BEC94100D7240F /* Build configuration list for PBXNativeTarget "Iptv-AyhamTests" */;
			buildPhases = (
				BEDCDB4726BEC94100D7240F /* Sources */,
				BEDCDB4826BEC94100D7240F /* Frameworks */,
				BEDCDB4926BEC94100D7240F /* Resources */,
			);
			buildRules = (
			);
			dependencies = (
				BEDCDB4D26BEC94100D7240F /* PBXTargetDependency */,
			);
			name = "Iptv-AyhamTests";
			productName = "Iptv-AyhamTests";
			productReference = BEDCDB4B26BEC94100D7240F /* Iptv-AyhamTests.xctest */;
			productType = "com.apple.product-type.bundle.unit-test";
		};
		BEDCDB5526BEC94100D7240F /* Iptv-AyhamUITests */ = {
			isa = PBXNativeTarget;
			buildConfigurationList = BEDCDB6526BEC94100D7240F /* Build configuration list for PBXNativeTarget "Iptv-AyhamUITests" */;
			buildPhases = (
				BEDCDB5226BEC94100D7240F /* Sources */,
				BEDCDB5326BEC94100D7240F /* Frameworks */,
				BEDCDB5426BEC94100D7240F /* Resources */,
			);
			buildRules = (
			);
			dependencies = (
				BEDCDB5826BEC94100D7240F /* PBXTargetDependency */,
			);
			name = "Iptv-AyhamUITests";
			productName = "Iptv-AyhamUITests";
			productReference = BEDCDB5626BEC94100D7240F /* Iptv-AyhamUITests.xctest */;
			productType = "com.apple.product-type.bundle.ui-testing";
		};
/* End PBXNativeTarget section */

/* Begin PBXProject section */
		BEDCDB3126BEC93C00D7240F /* Project object */ = {
			isa = PBXProject;
			attributes = {
				LastSwiftUpdateCheck = 1250;
				LastUpgradeCheck = 1250;
				TargetAttributes = {
					BEDCDB3826BEC93C00D7240F = {
						CreatedOnToolsVersion = 12.5;
					};
					BEDCDB4A26BEC94100D7240F = {
						CreatedOnToolsVersion = 12.5;
						TestTargetID = BEDCDB3826BEC93C00D7240F;
					};
					BEDCDB5526BEC94100D7240F = {
						CreatedOnToolsVersion = 12.5;
						TestTargetID = BEDCDB3826BEC93C00D7240F;
					};
				};
			};
			buildConfigurationList = BEDCDB3426BEC93C00D7240F /* Build configuration list for PBXProject "Iptv-Ayham" */;
			compatibilityVersion = "Xcode 9.3";
			developmentRegion = en;
			hasScannedForEncodings = 0;
			knownRegions = (
				en,
				Base,
			);
			mainGroup = BEDCDB3026BEC93C00D7240F;
			productRefGroup = BEDCDB3A26BEC93C00D7240F /* Products */;
			projectDirPath = "";
			projectRoot = "";
			targets = (
				BEDCDB3826BEC93C00D7240F /* Iptv-Ayham */,
				BEDCDB4A26BEC94100D7240F /* Iptv-AyhamTests */,
				BEDCDB5526BEC94100D7240F /* Iptv-AyhamUITests */,
			);
		};
/* End PBXProject section */

/* Begin PBXResourcesBuildPhase section */
		BEDCDB3726BEC93C00D7240F /* Resources */ = {
			isa = PBXResourcesBuildPhase;
			buildActionMask = 2147483647;
			files = (
				BEDCDB6926BEC9C000D7240F /* Hachem.m3u in Resources */,
				BEDCDB4126BEC94100D7240F /* Assets.xcassets in Resources */,
				BEDCDB4426BEC94100D7240F /* Main.storyboard in Resources */,
			);
			runOnlyForDeploymentPostprocessing = 0;
		};
		BEDCDB4926BEC94100D7240F /* Resources */ = {
			isa = PBXResourcesBuildPhase;
			buildActionMask = 2147483647;
			files = (
			);
			runOnlyForDeploymentPostprocessing = 0;
		};
		BEDCDB5426BEC94100D7240F /* Resources */ = {
			isa = PBXResourcesBuildPhase;
			buildActionMask = 2147483647;
			files = (
			);
			runOnlyForDeploymentPostprocessing = 0;
		};
/* End PBXResourcesBuildPhase section */

/* Begin PBXSourcesBuildPhase section */
		BEDCDB3526BEC93C00D7240F /* Sources */ = {
			isa = PBXSourcesBuildPhase;
			buildActionMask = 2147483647;
			files = (
				BEDCDB3F26BEC93C00D7240F /* ViewController.swift in Sources */,
				BEDCDB3D26BEC93C00D7240F /* AppDelegate.swift in Sources */,
			);
			runOnlyForDeploymentPostprocessing = 0;
		};
		BEDCDB4726BEC94100D7240F /* Sources */ = {
			isa = PBXSourcesBuildPhase;
			buildActionMask = 2147483647;
			files = (
				BEDCDB5026BEC94100D7240F /* Iptv_AyhamTests.swift in Sources */,
			);
			runOnlyForDeploymentPostprocessing = 0;
		};
		BEDCDB5226BEC94100D7240F /* Sources */ = {
			isa = PBXSourcesBuildPhase;
			buildActionMask = 2147483647;
			files = (
				BEDCDB5B26BEC94100D7240F /* Iptv_AyhamUITests.swift in Sources */,
			);
			runOnlyForDeploymentPostprocessing = 0;
		};
/* End PBXSourcesBuildPhase section */

/* Begin PBXTargetDependency section */
		BEDCDB4D26BEC94100D7240F /* PBXTargetDependency */ = {
			isa = PBXTargetDependency;
			target = BEDCDB3826BEC93C00D7240F /* Iptv-Ayham */;
			targetProxy = BEDCDB4C26BEC94100D7240F /* PBXContainerItemProxy */;
		};
		BEDCDB5826BEC94100D7240F /* PBXTargetDependency */ = {
			isa = PBXTargetDependency;
			target = BEDCDB3826BEC93C00D7240F /* Iptv-Ayham */;
			targetProxy = BEDCDB5726BEC94100D7240F /* PBXContainerItemProxy */;
		};
/* End PBXTargetDependency section */

/* Begin PBXVariantGroup section */
		BEDCDB4226BEC94100D7240F /* Main.storyboard */ = {
			isa = PBXVariantGroup;
			children = (
				BEDCDB4326BEC94100D7240F /* Base */,
			);
			name = Main.storyboard;
			sourceTree = "<group>";
		};
/* End PBXVariantGroup section */

/* Begin XCBuildConfiguration section */
		BEDCDB5D26BEC94100D7240F /* Debug */ = {
			isa = XCBuildConfiguration;
			buildSettings = {
				ALWAYS_SEARCH_USER_PATHS = NO;
				CLANG_ANALYZER_NONNULL = YES;
				CLANG_ANALYZER_NUMBER_OBJECT_CONVERSION = YES_AGGRESSIVE;
				CLANG_CXX_LANGUAGE_STANDARD = "gnu++14";
				CLANG_CXX_LIBRARY = "libc++";
				CLANG_ENABLE_MODULES = YES;
				CLANG_ENABLE_OBJC_ARC = YES;
				CLANG_ENABLE_OBJC_WEAK = YES;
				CLANG_WARN_BLOCK_CAPTURE_AUTORELEASING = YES;
				CLANG_WARN_BOOL_CONVERSION = YES;
				CLANG_WARN_COMMA = YES;
				CLANG_WARN_CONSTANT_CONVERSION = YES;
				CLANG_WARN_DEPRECATED_OBJC_IMPLEMENTATIONS = YES;
				CLANG_WARN_DIRECT_OBJC_ISA_USAGE = YES_ERROR;
				CLANG_WARN_DOCUMENTATION_COMMENTS = YES;
				CLANG_WARN_EMPTY_BODY = YES;
				CLANG_WARN_ENUM_CONVERSION = YES;
				CLANG_WARN_INFINITE_RECURSION = YES;
				CLANG_WARN_INT_CONVERSION = YES;
				CLANG_WARN_NON_LITERAL_NULL_CONVERSION = YES;
				CLANG_WARN_OBJC_IMPLICIT_RETAIN_SELF = YES;
				CLANG_WARN_OBJC_LITERAL_CONVERSION = YES;
				CLANG_WARN_OBJC_ROOT_CLASS = YES_ERROR;
				CLANG_WARN_QUOTED_INCLUDE_IN_FRAMEWORK_HEADER = YES;
				CLANG_WARN_RANGE_LOOP_ANALYSIS = YES;
				CLANG_WARN_STRICT_PROTOTYPES = YES;
				CLANG_WARN_SUSPICIOUS_MOVE = YES;
				CLANG_WARN_UNGUARDED_AVAILABILITY = YES_AGGRESSIVE;
				CLANG_WARN_UNREACHABLE_CODE = YES;
				CLANG_WARN__DUPLICATE_METHOD_MATCH = YES;
				COPY_PHASE_STRIP = NO;
				DEBUG_INFORMATION_FORMAT = dwarf;
				ENABLE_STRICT_OBJC_MSGSEND = YES;
				ENABLE_TESTABILITY = YES;
				GCC_C_LANGUAGE_STANDARD = gnu11;
				GCC_DYNAMIC_NO_PIC = NO;
				GCC_NO_COMMON_BLOCKS = YES;
				GCC_OPTIMIZATION_LEVEL = 0;
				GCC_PREPROCESSOR_DEFINITIONS = (
					"DEBUG=1",
					"$(inherited)",
				);
				GCC_WARN_64_TO_32_BIT_CONVERSION = YES;
				GCC_WARN_ABOUT_RETURN_TYPE = YES_ERROR;
				GCC_WARN_UNDECLARED_SELECTOR = YES;
				GCC_WARN_UNINITIALIZED_AUTOS = YES_AGGRESSIVE;
				GCC_WARN_UNUSED_FUNCTION = YES;
				GCC_WARN_UNUSED_VARIABLE = YES;
				MACOSX_DEPLOYMENT_TARGET = 11.3;
				MTL_ENABLE_DEBUG_INFO = INCLUDE_SOURCE;
				MTL_FAST_MATH = YES;
				ONLY_ACTIVE_ARCH = YES;
				SDKROOT = macosx;
				SWIFT_ACTIVE_COMPILATION_CONDITIONS = DEBUG;
				SWIFT_OPTIMIZATION_LEVEL = "-Onone";
			};
			name = Debug;
		};
		BEDCDB5E26BEC94100D7240F /* Release */ = {
			isa = XCBuildConfiguration;
			buildSettings = {
				ALWAYS_SEARCH_USER_PATHS = NO;
				CLANG_ANALYZER_NONNULL = YES;
				CLANG_ANALYZER_NUMBER_OBJECT_CONVERSION = YES_AGGRESSIVE;
				CLANG_CXX_LANGUAGE_STANDARD = "gnu++14";
				CLANG_CXX_LIBRARY = "libc++";
				CLANG_ENABLE_MODULES = YES;
				CLANG_ENABLE_OBJC_ARC = YES;
				CLANG_ENABLE_OBJC_WEAK = YES;
				CLANG_WARN_BLOCK_CAPTURE_AUTORELEASING = YES;
				CLANG_WARN_BOOL_CONVERSION = YES;
				CLANG_WARN_COMMA = YES;
				CLANG_WARN_CONSTANT_CONVERSION = YES;
				CLANG_WARN_DEPRECATED_OBJC_IMPLEMENTATIONS = YES;
				CLANG_WARN_DIRECT_OBJC_ISA_USAGE = YES_ERROR;
				CLANG_WARN_DOCUMENTATION_COMMENTS = YES;
				CLANG_WARN_EMPTY_BODY = YES;
				CLANG_WARN_ENUM_CONVERSION = YES;
				CLANG_WARN_INFINITE_RECURSION = YES;
				CLANG_WARN_INT_CONVERSION = YES;
				CLANG_WARN_NON_LITERAL_NULL_CONVERSION = YES;
				CLANG_WARN_OBJC_IMPLICIT_RETAIN_SELF = YES;
				CLANG_WARN_OBJC_LITERAL_CONVERSION = YES;
				CLANG_WARN_OBJC_ROOT_CLASS = YES_ERROR;
				CLANG_WARN_QUOTED_INCLUDE_IN_FRAMEWORK_HEADER = YES;
				CLANG_WARN_RANGE_LOOP_ANALYSIS = YES;
				CLANG_WARN_STRICT_PROTOTYPES = YES;
				CLANG_WARN_SUSPICIOUS_MOVE = YES;
				CLANG_WARN_UNGUARDED_AVAILABILITY = YES_AGGRESSIVE;
				CLANG_WARN_UNREACHABLE_CODE = YES;
				CLANG_WARN__DUPLICATE_METHOD_MATCH = YES;
				COPY_PHASE_STRIP = NO;
				DEBUG_INFORMATION_FORMAT = "dwarf-with-dsym";
				ENABLE_NS_ASSERTIONS = NO;
				ENABLE_STRICT_OBJC_MSGSEND = YES;
				GCC_C_LANGUAGE_STANDARD = gnu11;
				GCC_NO_COMMON_BLOCKS = YES;
				GCC_WARN_64_TO_32_BIT_CONVERSION = YES;
				GCC_WARN_ABOUT_RETURN_TYPE = YES_ERROR;
				GCC_WARN_UNDECLARED_SELECTOR = YES;
				GCC_WARN_UNINITIALIZED_AUTOS = YES_AGGRESSIVE;
				GCC_WARN_UNUSED_FUNCTION = YES;
				GCC_WARN_UNUSED_VARIABLE = YES;
				MACOSX_DEPLOYMENT_TARGET = 11.3;
				MTL_ENABLE_DEBUG_INFO = NO;
				MTL_FAST_MATH = YES;
				SDKROOT = macosx;
				SWIFT_COMPILATION_MODE = wholemodule;
				SWIFT_OPTIMIZATION_LEVEL = "-O";
			};
			name = Release;
		};
		BEDCDB6026BEC94100D7240F /* Debug */ = {
			isa = XCBuildConfiguration;
			buildSettings = {
				ASSETCATALOG_COMPILER_APPICON_NAME = AppIcon;
				ASSETCATALOG_COMPILER_GLOBAL_ACCENT_COLOR_NAME = AccentColor;
				CODE_SIGN_ENTITLEMENTS = "Iptv-Ayham/Iptv_Ayham.entitlements";
				CODE_SIGN_STYLE = Automatic;
				COMBINE_HIDPI_IMAGES = YES;
				INFOPLIST_FILE = "Iptv-Ayham/Info.plist";
				LD_RUNPATH_SEARCH_PATHS = (
					"$(inherited)",
					"@executable_path/../Frameworks",
				);
				PRODUCT_BUNDLE_IDENTIFIER = "iptv.Iptv-Ayham";
				PRODUCT_NAME = "$(TARGET_NAME)";
				SWIFT_VERSION = 5.0;
			};
			name = Debug;
		};
		BEDCDB6126BEC94100D7240F /* Release */ = {
			isa = XCBuildConfiguration;
			buildSettings = {
				ASSETCATALOG_COMPILER_APPICON_NAME = AppIcon;
				ASSETCATALOG_COMPILER_GLOBAL_ACCENT_COLOR_NAME = AccentColor;
				CODE_SIGN_ENTITLEMENTS = "Iptv-Ayham/Iptv_Ayham.entitlements";
				CODE_SIGN_STYLE = Automatic;
				COMBINE_HIDPI_IMAGES = YES;
				INFOPLIST_FILE = "Iptv-Ayham/Info.plist";
				LD_RUNPATH_SEARCH_PATHS = (
					"$(inherited)",
					"@executable_path/../Frameworks",
				);
				PRODUCT_BUNDLE_IDENTIFIER = "iptv.Iptv-Ayham";
				PRODUCT_NAME = "$(TARGET_NAME)";
				SWIFT_VERSION = 5.0;
			};
			name = Release;
		};
		BEDCDB6326BEC94100D7240F /* Debug */ = {
			isa = XCBuildConfiguration;
			buildSettings = {
				ALWAYS_EMBED_SWIFT_STANDARD_LIBRARIES = YES;
				BUNDLE_LOADER = "$(TEST_HOST)";
				CODE_SIGN_STYLE = Automatic;
				COMBINE_HIDPI_IMAGES = YES;
				INFOPLIST_FILE = "Iptv-AyhamTests/Info.plist";
				LD_RUNPATH_SEARCH_PATHS = (
					"$(inherited)",
					"@executable_path/../Frameworks",
					"@loader_path/../Frameworks",
				);
				MACOSX_DEPLOYMENT_TARGET = 11.3;
				PRODUCT_BUNDLE_IDENTIFIER = "iptv.Iptv-AyhamTests";
				PRODUCT_NAME = "$(TARGET_NAME)";
				SWIFT_VERSION = 5.0;
				TEST_HOST = "$(BUILT_PRODUCTS_DIR)/Iptv-Ayham.app/Contents/MacOS/Iptv-Ayham";
			};
			name = Debug;
		};
		BEDCDB6426BEC94100D7240F /* Release */ = {
			isa = XCBuildConfiguration;
			buildSettings = {
				ALWAYS_EMBED_SWIFT_STANDARD_LIBRARIES = YES;
				BUNDLE_LOADER = "$(TEST_HOST)";
				CODE_SIGN_STYLE = Automatic;
				COMBINE_HIDPI_IMAGES = YES;
				INFOPLIST_FILE = "Iptv-AyhamTests/Info.plist";
				LD_RUNPATH_SEARCH_PATHS = (
					"$(inherited)",
					"@executable_path/../Frameworks",
					"@loader_path/../Frameworks",
				);
				MACOSX_DEPLOYMENT_TARGET = 11.3;
				PRODUCT_BUNDLE_IDENTIFIER = "iptv.Iptv-AyhamTests";
				PRODUCT_NAME = "$(TARGET_NAME)";
				SWIFT_VERSION = 5.0;
				TEST_HOST = "$(BUILT_PRODUCTS_DIR)/Iptv-Ayham.app/Contents/MacOS/Iptv-Ayham";
			};
			name = Release;
		};
		BEDCDB6626BEC94100D7240F /* Debug */ = {
			isa = XCBuildConfiguration;
			buildSettings = {
				ALWAYS_EMBED_SWIFT_STANDARD_LIBRARIES = YES;
				CODE_SIGN_STYLE = Automatic;
				COMBINE_HIDPI_IMAGES = YES;
				INFOPLIST_FILE = "Iptv-AyhamUITests/Info.plist";
				LD_RUNPATH_SEARCH_PATHS = (
					"$(inherited)",
					"@executable_path/../Frameworks",
					"@loader_path/../Frameworks",
				);
				PRODUCT_BUNDLE_IDENTIFIER = "iptv.Iptv-AyhamUITests";
				PRODUCT_NAME = "$(TARGET_NAME)";
				SWIFT_VERSION = 5.0;
				TEST_TARGET_NAME = "Iptv-Ayham";
			};
			name = Debug;
		};
		BEDCDB6726BEC94100D7240F /* Release */ = {
			isa = XCBuildConfiguration;
			buildSettings = {
				ALWAYS_EMBED_SWIFT_STANDARD_LIBRARIES = YES;
				CODE_SIGN_STYLE = Automatic;
				COMBINE_HIDPI_IMAGES = YES;
				INFOPLIST_FILE = "Iptv-AyhamUITests/Info.plist";
				LD_RUNPATH_SEARCH_PATHS = (
					"$(inherited)",
					"@executable_path/../Frameworks",
					"@loader_path/../Frameworks",
				);
				PRODUCT_BUNDLE_IDENTIFIER = "iptv.Iptv-AyhamUITests";
				PRODUCT_NAME = "$(TARGET_NAME)";
				SWIFT_VERSION = 5.0;
				TEST_TARGET_NAME = "Iptv-Ayham";
			};
			name = Release;
		};
/* End XCBuildConfiguration section */

/* Begin XCConfigurationList section */
		BEDCDB3426BEC93C00D7240F /* Build configuration list for PBXProject "Iptv-Ayham" */ = {
			isa = XCConfigurationList;
			buildConfigurations = (
				BEDCDB5D26BEC94100D7240F /* Debug */,
				BEDCDB5E26BEC94100D7240F /* Release */,
			);
			defaultConfigurationIsVisible = 0;
			defaultConfigurationName = Release;
		};
		BEDCDB5F26BEC94100D7240F /* Build configuration list for PBXNativeTarget "Iptv-Ayham" */ = {
			isa = XCConfigurationList;
			buildConfigurations = (
				BEDCDB6026BEC94100D7240F /* Debug */,
				BEDCDB6126BEC94100D7240F /* Release */,
			);
			defaultConfigurationIsVisible = 0;
			defaultConfigurationName = Release;
		};
		BEDCDB6226BEC94100D7240F /* Build configuration list for PBXNativeTarget "Iptv-AyhamTests" */ = {
			isa = XCConfigurationList;
			buildConfigurations = (
				BEDCDB6326BEC94100D7240F /* Debug */,
				BEDCDB6426BEC94100D7240F /* Release */,
			);
			defaultConfigurationIsVisible = 0;
			defaultConfigurationName = Release;
		};
		BEDCDB6526BEC94100D7240F /* Build configuration list for PBXNativeTarget "Iptv-AyhamUITests" */ = {
			isa = XCConfigurationList;
			buildConfigurations = (
				BEDCDB6626BEC94100D7240F /* Debug */,
				BEDCDB6726BEC94100D7240F /* Release */,
			);
			defaultConfigurationIsVisible = 0;
			defaultConfigurationName = Release;
		};
/* End XCConfigurationList section */
	};
	rootObject = BEDCDB3126BEC93C00D7240F /* Project object */;
}
